<Solution>
  <Folder Name="/Solution Items/">
    <File Path=".editorconfig" />
    <File Path=".gitignore" />
    <File Path="LICENSE" />
    <File Path="README.md" />
    <File Path="SpellingExclusions.dic" />
    <File Path="src/Directory.Build.props" />
  </Folder>
  <Project Path="src/NiteCompiler.CliTool/NiteCompiler.CliTool.csproj" />
  <Project Path="src/NiteCompiler.Tests/NiteCompiler.Tests.csproj" />
  <Project Path="src/NiteCompiler/NiteCompiler.csproj" />
  <Project Path="src/NiteCompilerUtils.SourceGenerators/NiteCompilerUtils.SourceGenerators.csproj" />
</Solution>