<Solution>
  <Folder Name="/Solution Items/">
    <File Path=".editorconfig" />
    <File Path="SpellingExclusions.dic" />
    <File Path="src/Directory.Build.props" />
  </Folder>
  <Project Path="src/NiteCompiler.CliTool/NiteCompiler.CliTool.csproj" />
  <Project Path="src/NiteCompiler.Tests/NiteCompiler.Tests.csproj" />
  <Project Path="src/NiteCompiler/NiteCompiler.csproj" />
</Solution>